
Microsoft Visual Studio Solution File, Format Version 12.00
# Visual Studio Version 17
VisualStudioVersion = 17.11.35327.3
MinimumVisualStudioVersion = 10.0.40219.1
Project("{FAE04EC0-301F-11D3-BF4B-00C04F79EFBC}") = "CrudOpration", "CrudOpration\CrudOpration.csproj", "{30623C3A-903B-4ACA-A04A-5981D8DD45FE}"
EndProject
Global
	GlobalSection(SolutionConfigurationPlatforms) = preSolution
		Debug|Any CPU = Debug|Any CPU
		Release|Any CPU = Release|Any CPU
	EndGlobalSection
	GlobalSection(ProjectConfigurationPlatforms) = postSolution
		{30623C3A-903B-4ACA-A04A-5981D8DD45FE}.Debug|Any CPU.ActiveCfg = Debug|Any CPU
		{30623C3A-903B-4ACA-A04A-5981D8DD45FE}.Debug|Any CPU.Build.0 = Debug|Any CPU
		{30623C3A-903B-4ACA-A04A-5981D8DD45FE}.Release|Any CPU.ActiveCfg = Release|Any CPU
		{30623C3A-903B-4ACA-A04A-5981D8DD45FE}.Release|Any CPU.Build.0 = Release|Any CPU
	EndGlobalSection
	GlobalSection(SolutionProperties) = preSolution
		HideSolutionNode = FALSE
	EndGlobalSection
	GlobalSection(ExtensibilityGlobals) = postSolution
		SolutionGuid = {8D77F089-444C-45E6-8FD3-747094839ADD}
	EndGlobalSection
EndGlobal
