
Microsoft Visual Studio Solution File, Format Version 12.00
# Visual Studio Version 17
VisualStudioVersion = 17.11.35327.3
MinimumVisualStudioVersion = 10.0.40219.1
Project("{FAE04EC0-301F-11D3-BF4B-00C04F79EFBC}") = "Array", "Array\Array.csproj", "{2701122C-4A9C-442C-9FB7-E25A42629894}"
EndProject
Global
	GlobalSection(SolutionConfigurationPlatforms) = preSolution
		Debug|Any CPU = Debug|Any CPU
		Release|Any CPU = Release|Any CPU
	EndGlobalSection
	GlobalSection(ProjectConfigurationPlatforms) = postSolution
		{2701122C-4A9C-442C-9FB7-E25A42629894}.Debug|Any CPU.ActiveCfg = Debug|Any CPU
		{2701122C-4A9C-442C-9FB7-E25A42629894}.Debug|Any CPU.Build.0 = Debug|Any CPU
		{2701122C-4A9C-442C-9FB7-E25A42629894}.Release|Any CPU.ActiveCfg = Release|Any CPU
		{2701122C-4A9C-442C-9FB7-E25A42629894}.Release|Any CPU.Build.0 = Release|Any CPU
	EndGlobalSection
	GlobalSection(SolutionProperties) = preSolution
		HideSolutionNode = FALSE
	EndGlobalSection
	GlobalSection(ExtensibilityGlobals) = postSolution
		SolutionGuid = {8165F4F8-7BA3-4623-9E79-70256C2144BD}
	EndGlobalSection
EndGlobal
