
Microsoft Visual Studio Solution File, Format Version 12.00
# Visual Studio Version 17
VisualStudioVersion = 17.11.35327.3
MinimumVisualStudioVersion = 10.0.40219.1
Project("{FAE04EC0-301F-11D3-BF4B-00C04F79EFBC}") = "PartialExample2", "PartialExample2\PartialExample2.csproj", "{C8F67CE4-7A3E-403D-A741-C47106F1D096}"
EndProject
Global
	GlobalSection(SolutionConfigurationPlatforms) = preSolution
		Debug|Any CPU = Debug|Any CPU
		Release|Any CPU = Release|Any CPU
	EndGlobalSection
	GlobalSection(ProjectConfigurationPlatforms) = postSolution
		{C8F67CE4-7A3E-403D-A741-C47106F1D096}.Debug|Any CPU.ActiveCfg = Debug|Any CPU
		{C8F67CE4-7A3E-403D-A741-C47106F1D096}.Debug|Any CPU.Build.0 = Debug|Any CPU
		{C8F67CE4-7A3E-403D-A741-C47106F1D096}.Release|Any CPU.ActiveCfg = Release|Any CPU
		{C8F67CE4-7A3E-403D-A741-C47106F1D096}.Release|Any CPU.Build.0 = Release|Any CPU
	EndGlobalSection
	GlobalSection(SolutionProperties) = preSolution
		HideSolutionNode = FALSE
	EndGlobalSection
	GlobalSection(ExtensibilityGlobals) = postSolution
		SolutionGuid = {E6605765-57C9-4F1D-9E9C-F5E2A940B5AB}
	EndGlobalSection
EndGlobal
