
Microsoft Visual Studio Solution File, Format Version 12.00
# Visual Studio Version 17
VisualStudioVersion = 17.11.35327.3
MinimumVisualStudioVersion = 10.0.40219.1
Project("{FAE04EC0-301F-11D3-BF4B-00C04F79EFBC}") = "SecondProgram", "SecondProgram\SecondProgram.csproj", "{DD9A0833-284D-4D11-90CF-CD0E6C0F2211}"
EndProject
Global
	GlobalSection(SolutionConfigurationPlatforms) = preSolution
		Debug|Any CPU = Debug|Any CPU
		Release|Any CPU = Release|Any CPU
	EndGlobalSection
	GlobalSection(ProjectConfigurationPlatforms) = postSolution
		{DD9A0833-284D-4D11-90CF-CD0E6C0F2211}.Debug|Any CPU.ActiveCfg = Debug|Any CPU
		{DD9A0833-284D-4D11-90CF-CD0E6C0F2211}.Debug|Any CPU.Build.0 = Debug|Any CPU
		{DD9A0833-284D-4D11-90CF-CD0E6C0F2211}.Release|Any CPU.ActiveCfg = Release|Any CPU
		{DD9A0833-284D-4D11-90CF-CD0E6C0F2211}.Release|Any CPU.Build.0 = Release|Any CPU
	EndGlobalSection
	GlobalSection(SolutionProperties) = preSolution
		HideSolutionNode = FALSE
	EndGlobalSection
	GlobalSection(ExtensibilityGlobals) = postSolution
		SolutionGuid = {3947AA58-C442-496C-8E7B-D3F073197B42}
	EndGlobalSection
EndGlobal
