
Microsoft Visual Studio Solution File, Format Version 12.00
# Visual Studio Version 17
VisualStudioVersion = 17.12.35521.163 d17.12
MinimumVisualStudioVersion = 10.0.40219.1
Project("{FAE04EC0-301F-11D3-BF4B-00C04F79EFBC}") = "CodingProbleams", "CodingProbleams\CodingProbleams.csproj", "{1859CF74-3574-4EBE-9F4B-B2436483E6DE}"
EndProject
Global
	GlobalSection(SolutionConfigurationPlatforms) = preSolution
		Debug|Any CPU = Debug|Any CPU
		Release|Any CPU = Release|Any CPU
	EndGlobalSection
	GlobalSection(ProjectConfigurationPlatforms) = postSolution
		{1859CF74-3574-4EBE-9F4B-B2436483E6DE}.Debug|Any CPU.ActiveCfg = Debug|Any CPU
		{1859CF74-3574-4EBE-9F4B-B2436483E6DE}.Debug|Any CPU.Build.0 = Debug|Any CPU
		{1859CF74-3574-4EBE-9F4B-B2436483E6DE}.Release|Any CPU.ActiveCfg = Release|Any CPU
		{1859CF74-3574-4EBE-9F4B-B2436483E6DE}.Release|Any CPU.Build.0 = Release|Any CPU
	EndGlobalSection
	GlobalSection(SolutionProperties) = preSolution
		HideSolutionNode = FALSE
	EndGlobalSection
EndGlobal
