
Microsoft Visual Studio Solution File, Format Version 12.00
# Visual Studio Version 17
VisualStudioVersion = 17.12.35521.163 d17.12
MinimumVisualStudioVersion = 10.0.40219.1
Project("{FAE04EC0-301F-11D3-BF4B-00C04F79EFBC}") = "Expence Tracker", "Expence Tracker\Expence Tracker.csproj", "{A797FA9C-937F-47E0-B43B-66245AA3D751}"
EndProject
Global
	GlobalSection(SolutionConfigurationPlatforms) = preSolution
		Debug|Any CPU = Debug|Any CPU
		Release|Any CPU = Release|Any CPU
	EndGlobalSection
	GlobalSection(ProjectConfigurationPlatforms) = postSolution
		{A797FA9C-937F-47E0-B43B-66245AA3D751}.Debug|Any CPU.ActiveCfg = Debug|Any CPU
		{A797FA9C-937F-47E0-B43B-66245AA3D751}.Debug|Any CPU.Build.0 = Debug|Any CPU
		{A797FA9C-937F-47E0-B43B-66245AA3D751}.Release|Any CPU.ActiveCfg = Release|Any CPU
		{A797FA9C-937F-47E0-B43B-66245AA3D751}.Release|Any CPU.Build.0 = Release|Any CPU
	EndGlobalSection
	GlobalSection(SolutionProperties) = preSolution
		HideSolutionNode = FALSE
	EndGlobalSection
EndGlobal
