
Microsoft Visual Studio Solution File, Format Version 12.00
# Visual Studio Version 17
VisualStudioVersion = 17.11.35327.3
MinimumVisualStudioVersion = 10.0.40219.1
Project("{FAE04EC0-301F-11D3-BF4B-00C04F79EFBC}") = "LINQDemo1", "LINQDemo1\LINQDemo1.csproj", "{5EE01A96-8427-4A88-A6D2-2413D1EECF2C}"
EndProject
Global
	GlobalSection(SolutionConfigurationPlatforms) = preSolution
		Debug|Any CPU = Debug|Any CPU
		Release|Any CPU = Release|Any CPU
	EndGlobalSection
	GlobalSection(ProjectConfigurationPlatforms) = postSolution
		{5EE01A96-8427-4A88-A6D2-2413D1EECF2C}.Debug|Any CPU.ActiveCfg = Debug|Any CPU
		{5EE01A96-8427-4A88-A6D2-2413D1EECF2C}.Debug|Any CPU.Build.0 = Debug|Any CPU
		{5EE01A96-8427-4A88-A6D2-2413D1EECF2C}.Release|Any CPU.ActiveCfg = Release|Any CPU
		{5EE01A96-8427-4A88-A6D2-2413D1EECF2C}.Release|Any CPU.Build.0 = Release|Any CPU
	EndGlobalSection
	GlobalSection(SolutionProperties) = preSolution
		HideSolutionNode = FALSE
	EndGlobalSection
	GlobalSection(ExtensibilityGlobals) = postSolution
		SolutionGuid = {EDFAD0BE-19F5-4DB5-AE2A-4FFEF9CFCBA8}
	EndGlobalSection
EndGlobal
