
Microsoft Visual Studio Solution File, Format Version 12.00
# Visual Studio Version 17
VisualStudioVersion = 17.12.35521.163 d17.12
MinimumVisualStudioVersion = 10.0.40219.1
Project("{FAE04EC0-301F-11D3-BF4B-00C04F79EFBC}") = "Oops2", "Oops2\Oops2.csproj", "{F85CD360-1F86-4026-B216-8838D8859523}"
EndProject
Global
	GlobalSection(SolutionConfigurationPlatforms) = preSolution
		Debug|Any CPU = Debug|Any CPU
		Release|Any CPU = Release|Any CPU
	EndGlobalSection
	GlobalSection(ProjectConfigurationPlatforms) = postSolution
		{F85CD360-1F86-4026-B216-8838D8859523}.Debug|Any CPU.ActiveCfg = Debug|Any CPU
		{F85CD360-1F86-4026-B216-8838D8859523}.Debug|Any CPU.Build.0 = Debug|Any CPU
		{F85CD360-1F86-4026-B216-8838D8859523}.Release|Any CPU.ActiveCfg = Release|Any CPU
		{F85CD360-1F86-4026-B216-8838D8859523}.Release|Any CPU.Build.0 = Release|Any CPU
	EndGlobalSection
	GlobalSection(SolutionProperties) = preSolution
		HideSolutionNode = FALSE
	EndGlobalSection
EndGlobal
